// !$*UTF8*$!
{
	archiveVersion = 1;
	classes = {
	};
	objectVersion = 56;
	objects = {

/* Begin PBXBuildFile section */
		CA85462F2B2945CC001056B0 /* MigrateMateApp.swift in Sources */ = {isa = PBXBuildFile; fileRef = CA85462E2B2945CC001056B0 /* MigrateMateApp.swift */; };
		CA8546312B2945CC001056B0 /* ContentView.swift in Sources */ = {isa = PBXBuildFile; fileRef = CA8546302B2945CC001056B0 /* ContentView.swift */; };
		CA8546332B2945CE001056B0 /* Assets.xcassets in Resources */ = {isa = PBXBuildFile; fileRef = CA8546322B2945CE001056B0 /* Assets.xcassets */; };
		CA8546362B2945CE001056B0 /* Preview Assets.xcassets in Resources */ = {isa = PBXBuildFile; fileRef = CA8546352B2945CE001056B0 /* Preview Assets.xcassets */; };
		CA85463D2B29532E001056B0 /* GoogleService-Info.plist in Resources */ = {isa = PBXBuildFile; fileRef = CA85463C2B29532E001056B0 /* GoogleService-Info.plist */; };
		CA8546402B295397001056B0 /* FirebaseAnalytics in Frameworks */ = {isa = PBXBuildFile; productRef = CA85463F2B295397001056B0 /* FirebaseAnalytics */; };
		CA8546422B295397001056B0 /* FirebaseAnalyticsOnDeviceConversion in Frameworks */ = {isa = PBXBuildFile; productRef = CA8546412B295397001056B0 /* FirebaseAnalyticsOnDeviceConversion */; };
		CA8546442B295397001056B0 /* FirebaseAnalyticsSwift in Frameworks */ = {isa = PBXBuildFile; productRef = CA8546432B295397001056B0 /* FirebaseAnalyticsSwift */; };
		CA8546462B295397001056B0 /* FirebaseAnalyticsWithoutAdIdSupport in Frameworks */ = {isa = PBXBuildFile; productRef = CA8546452B295397001056B0 /* FirebaseAnalyticsWithoutAdIdSupport */; };
		CA8546482B295397001056B0 /* FirebaseAppCheck in Frameworks */ = {isa = PBXBuildFile; productRef = CA8546472B295397001056B0 /* FirebaseAppCheck */; };
		CA85464A2B295397001056B0 /* FirebaseAppDistribution-Beta in Frameworks */ = {isa = PBXBuildFile; productRef = CA8546492B295397001056B0 /* FirebaseAppDistribution-Beta */; };
		CA85464C2B295397001056B0 /* FirebaseAuth in Frameworks */ = {isa = PBXBuildFile; productRef = CA85464B2B295397001056B0 /* FirebaseAuth */; };
		CA85464E2B295397001056B0 /* FirebaseAuthCombine-Community in Frameworks */ = {isa = PBXBuildFile; productRef = CA85464D2B295397001056B0 /* FirebaseAuthCombine-Community */; };
		CA8546502B295397001056B0 /* FirebaseCrashlytics in Frameworks */ = {isa = PBXBuildFile; productRef = CA85464F2B295397001056B0 /* FirebaseCrashlytics */; };
		CA8546522B295397001056B0 /* FirebaseDatabase in Frameworks */ = {isa = PBXBuildFile; productRef = CA8546512B295397001056B0 /* FirebaseDatabase */; };
		CA8546542B295397001056B0 /* FirebaseDatabaseSwift in Frameworks */ = {isa = PBXBuildFile; productRef = CA8546532B295397001056B0 /* FirebaseDatabaseSwift */; };
		CA8546562B295397001056B0 /* FirebaseDynamicLinks in Frameworks */ = {isa = PBXBuildFile; productRef = CA8546552B295397001056B0 /* FirebaseDynamicLinks */; };
		CA8546582B295397001056B0 /* FirebaseFirestore in Frameworks */ = {isa = PBXBuildFile; productRef = CA8546572B295397001056B0 /* FirebaseFirestore */; };
		CA85465A2B295397001056B0 /* FirebaseFirestoreCombine-Community in Frameworks */ = {isa = PBXBuildFile; productRef = CA8546592B295397001056B0 /* FirebaseFirestoreCombine-Community */; };
		CA85465C2B295397001056B0 /* FirebaseFirestoreSwift in Frameworks */ = {isa = PBXBuildFile; productRef = CA85465B2B295397001056B0 /* FirebaseFirestoreSwift */; };
		CA85465E2B295397001056B0 /* FirebaseFunctions in Frameworks */ = {isa = PBXBuildFile; productRef = CA85465D2B295397001056B0 /* FirebaseFunctions */; };
		CA8546602B295397001056B0 /* FirebaseFunctionsCombine-Community in Frameworks */ = {isa = PBXBuildFile; productRef = CA85465F2B295397001056B0 /* FirebaseFunctionsCombine-Community */; };
		CA8546622B295397001056B0 /* FirebaseInAppMessaging-Beta in Frameworks */ = {isa = PBXBuildFile; productRef = CA8546612B295397001056B0 /* FirebaseInAppMessaging-Beta */; };
		CA8546642B295397001056B0 /* FirebaseInAppMessagingSwift-Beta in Frameworks */ = {isa = PBXBuildFile; productRef = CA8546632B295397001056B0 /* FirebaseInAppMessagingSwift-Beta */; };
		CA8546662B295397001056B0 /* FirebaseInstallations in Frameworks */ = {isa = PBXBuildFile; productRef = CA8546652B295397001056B0 /* FirebaseInstallations */; };
		CA8546682B295397001056B0 /* FirebaseMLModelDownloader in Frameworks */ = {isa = PBXBuildFile; productRef = CA8546672B295397001056B0 /* FirebaseMLModelDownloader */; };
		CA85466A2B295397001056B0 /* FirebaseMessaging in Frameworks */ = {isa = PBXBuildFile; productRef = CA8546692B295397001056B0 /* FirebaseMessaging */; };
		CA85466C2B295397001056B0 /* FirebasePerformance in Frameworks */ = {isa = PBXBuildFile; productRef = CA85466B2B295397001056B0 /* FirebasePerformance */; };
		CA85466E2B295397001056B0 /* FirebaseRemoteConfig in Frameworks */ = {isa = PBXBuildFile; productRef = CA85466D2B295397001056B0 /* FirebaseRemoteConfig */; };
		CA8546702B295397001056B0 /* FirebaseRemoteConfigSwift in Frameworks */ = {isa = PBXBuildFile; productRef = CA85466F2B295397001056B0 /* FirebaseRemoteConfigSwift */; };
		CA8546722B295397001056B0 /* FirebaseStorage in Frameworks */ = {isa = PBXBuildFile; productRef = CA8546712B295397001056B0 /* FirebaseStorage */; };
		CA8546742B295397001056B0 /* FirebaseStorageCombine-Community in Frameworks */ = {isa = PBXBuildFile; productRef = CA8546732B295397001056B0 /* FirebaseStorageCombine-Community */; };
		CA8546792B295445001056B0 /* Main.swift in Sources */ = {isa = PBXBuildFile; fileRef = CA8546782B295445001056B0 /* Main.swift */; };
		CA85467C2B2955B6001056B0 /* SignInViewModel.swift in Sources */ = {isa = PBXBuildFile; fileRef = CA85467B2B2955B6001056B0 /* SignInViewModel.swift */; };
		CA85467E2B2955F5001056B0 /* SignUpScreen.swift in Sources */ = {isa = PBXBuildFile; fileRef = CA85467D2B2955F5001056B0 /* SignUpScreen.swift */; };
/* End PBXBuildFile section */

/* Begin PBXFileReference section */
		CA85462B2B2945CC001056B0 /* MigrateMate.app */ = {isa = PBXFileReference; explicitFileType = wrapper.application; includeInIndex = 0; path = MigrateMate.app; sourceTree = BUILT_PRODUCTS_DIR; };
		CA85462E2B2945CC001056B0 /* MigrateMateApp.swift */ = {isa = PBXFileReference; lastKnownFileType = sourcecode.swift; path = MigrateMateApp.swift; sourceTree = "<group>"; };
		CA8546302B2945CC001056B0 /* ContentView.swift */ = {isa = PBXFileReference; lastKnownFileType = sourcecode.swift; path = ContentView.swift; sourceTree = "<group>"; };
		CA8546322B2945CE001056B0 /* Assets.xcassets */ = {isa = PBXFileReference; lastKnownFileType = folder.assetcatalog; path = Assets.xcassets; sourceTree = "<group>"; };
		CA8546352B2945CE001056B0 /* Preview Assets.xcassets */ = {isa = PBXFileReference; lastKnownFileType = folder.assetcatalog; path = "Preview Assets.xcassets"; sourceTree = "<group>"; };
		CA85463C2B29532E001056B0 /* GoogleService-Info.plist */ = {isa = PBXFileReference; fileEncoding = 4; lastKnownFileType = text.plist.xml; path = "GoogleService-Info.plist"; sourceTree = "<group>"; };
		CA8546782B295445001056B0 /* Main.swift */ = {isa = PBXFileReference; lastKnownFileType = sourcecode.swift; path = Main.swift; sourceTree = "<group>"; };
		CA85467B2B2955B6001056B0 /* SignInViewModel.swift */ = {isa = PBXFileReference; lastKnownFileType = sourcecode.swift; path = SignInViewModel.swift; sourceTree = "<group>"; };
		CA85467D2B2955F5001056B0 /* SignUpScreen.swift */ = {isa = PBXFileReference; lastKnownFileType = sourcecode.swift; path = SignUpScreen.swift; sourceTree = "<group>"; };
		CA85467F2B295D8E001056B0 /* MigrateMate.entitlements */ = {isa = PBXFileReference; lastKnownFileType = text.plist.entitlements; path = MigrateMate.entitlements; sourceTree = "<group>"; };
/* End PBXFileReference section */

/* Begin PBXFrameworksBuildPhase section */
		CA8546282B2945CC001056B0 /* Frameworks */ = {
			isa = PBXFrameworksBuildPhase;
			buildActionMask = 2147483647;
			files = (
				CA8546522B295397001056B0 /* FirebaseDatabase in Frameworks */,
				CA8546602B295397001056B0 /* FirebaseFunctionsCombine-Community in Frameworks */,
				CA8546582B295397001056B0 /* FirebaseFirestore in Frameworks */,
				CA8546442B295397001056B0 /* FirebaseAnalyticsSwift in Frameworks */,
				CA8546402B295397001056B0 /* FirebaseAnalytics in Frameworks */,
				CA8546422B295397001056B0 /* FirebaseAnalyticsOnDeviceConversion in Frameworks */,
				CA8546682B295397001056B0 /* FirebaseMLModelDownloader in Frameworks */,
				CA85465C2B295397001056B0 /* FirebaseFirestoreSwift in Frameworks */,
				CA8546482B295397001056B0 /* FirebaseAppCheck in Frameworks */,
				CA8546462B295397001056B0 /* FirebaseAnalyticsWithoutAdIdSupport in Frameworks */,
				CA85464C2B295397001056B0 /* FirebaseAuth in Frameworks */,
				CA8546502B295397001056B0 /* FirebaseCrashlytics in Frameworks */,
				CA8546702B295397001056B0 /* FirebaseRemoteConfigSwift in Frameworks */,
				CA8546622B295397001056B0 /* FirebaseInAppMessaging-Beta in Frameworks */,
				CA8546542B295397001056B0 /* FirebaseDatabaseSwift in Frameworks */,
				CA85465E2B295397001056B0 /* FirebaseFunctions in Frameworks */,
				CA8546742B295397001056B0 /* FirebaseStorageCombine-Community in Frameworks */,
				CA85466E2B295397001056B0 /* FirebaseRemoteConfig in Frameworks */,
				CA85464A2B295397001056B0 /* FirebaseAppDistribution-Beta in Frameworks */,
				CA85464E2B295397001056B0 /* FirebaseAuthCombine-Community in Frameworks */,
				CA85466C2B295397001056B0 /* FirebasePerformance in Frameworks */,
				CA8546642B295397001056B0 /* FirebaseInAppMessagingSwift-Beta in Frameworks */,
				CA8546722B295397001056B0 /* FirebaseStorage in Frameworks */,
				CA8546562B295397001056B0 /* FirebaseDynamicLinks in Frameworks */,
				CA85465A2B295397001056B0 /* FirebaseFirestoreCombine-Community in Frameworks */,
				CA85466A2B295397001056B0 /* FirebaseMessaging in Frameworks */,
				CA8546662B295397001056B0 /* FirebaseInstallations in Frameworks */,
			);
			runOnlyForDeploymentPostprocessing = 0;
		};
/* End PBXFrameworksBuildPhase section */

/* Begin PBXGroup section */
		CA8546222B2945CC001056B0 = {
			isa = PBXGroup;
			children = (
				CA85462D2B2945CC001056B0 /* MigrateMate */,
				CA85462C2B2945CC001056B0 /* Products */,
			);
			sourceTree = "<group>";
		};
		CA85462C2B2945CC001056B0 /* Products */ = {
			isa = PBXGroup;
			children = (
				CA85462B2B2945CC001056B0 /* MigrateMate.app */,
			);
			name = Products;
			sourceTree = "<group>";
		};
		CA85462D2B2945CC001056B0 /* MigrateMate */ = {
			isa = PBXGroup;
			children = (
				CA85467F2B295D8E001056B0 /* MigrateMate.entitlements */,
				CA85467A2B295570001056B0 /* Models */,
				CA8546772B295435001056B0 /* Screens */,
				CA85463C2B29532E001056B0 /* GoogleService-Info.plist */,
				CA85462E2B2945CC001056B0 /* MigrateMateApp.swift */,
				CA8546302B2945CC001056B0 /* ContentView.swift */,
				CA8546322B2945CE001056B0 /* Assets.xcassets */,
				CA8546342B2945CE001056B0 /* Preview Content */,
			);
			path = MigrateMate;
			sourceTree = "<group>";
		};
		CA8546342B2945CE001056B0 /* Preview Content */ = {
			isa = PBXGroup;
			children = (
				CA8546352B2945CE001056B0 /* Preview Assets.xcassets */,
			);
			path = "Preview Content";
			sourceTree = "<group>";
		};
		CA8546772B295435001056B0 /* Screens */ = {
			isa = PBXGroup;
			children = (
				CA8546782B295445001056B0 /* Main.swift */,
				CA85467D2B2955F5001056B0 /* SignUpScreen.swift */,
			);
			path = Screens;
			sourceTree = "<group>";
		};
		CA85467A2B295570001056B0 /* Models */ = {
			isa = PBXGroup;
			children = (
				CA85467B2B2955B6001056B0 /* SignInViewModel.swift */,
			);
			path = Models;
			sourceTree = "<group>";
		};
/* End PBXGroup section */

/* Begin PBXNativeTarget section */
		CA85462A2B2945CC001056B0 /* MigrateMate */ = {
			isa = PBXNativeTarget;
			buildConfigurationList = CA8546392B2945CE001056B0 /* Build configuration list for PBXNativeTarget "MigrateMate" */;
			buildPhases = (
				CA8546272B2945CC001056B0 /* Sources */,
				CA8546282B2945CC001056B0 /* Frameworks */,
				CA8546292B2945CC001056B0 /* Resources */,
			);
			buildRules = (
			);
			dependencies = (
			);
			name = MigrateMate;
			packageProductDependencies = (
				CA85463F2B295397001056B0 /* FirebaseAnalytics */,
				CA8546412B295397001056B0 /* FirebaseAnalyticsOnDeviceConversion */,
				CA8546432B295397001056B0 /* FirebaseAnalyticsSwift */,
				CA8546452B295397001056B0 /* FirebaseAnalyticsWithoutAdIdSupport */,
				CA8546472B295397001056B0 /* FirebaseAppCheck */,
				CA8546492B295397001056B0 /* FirebaseAppDistribution-Beta */,
				CA85464B2B295397001056B0 /* FirebaseAuth */,
				CA85464D2B295397001056B0 /* FirebaseAuthCombine-Community */,
				CA85464F2B295397001056B0 /* FirebaseCrashlytics */,
				CA8546512B295397001056B0 /* FirebaseDatabase */,
				CA8546532B295397001056B0 /* FirebaseDatabaseSwift */,
				CA8546552B295397001056B0 /* FirebaseDynamicLinks */,
				CA8546572B295397001056B0 /* FirebaseFirestore */,
				CA8546592B295397001056B0 /* FirebaseFirestoreCombine-Community */,
				CA85465B2B295397001056B0 /* FirebaseFirestoreSwift */,
				CA85465D2B295397001056B0 /* FirebaseFunctions */,
				CA85465F2B295397001056B0 /* FirebaseFunctionsCombine-Community */,
				CA8546612B295397001056B0 /* FirebaseInAppMessaging-Beta */,
				CA8546632B295397001056B0 /* FirebaseInAppMessagingSwift-Beta */,
				CA8546652B295397001056B0 /* FirebaseInstallations */,
				CA8546672B295397001056B0 /* FirebaseMLModelDownloader */,
				CA8546692B295397001056B0 /* FirebaseMessaging */,
				CA85466B2B295397001056B0 /* FirebasePerformance */,
				CA85466D2B295397001056B0 /* FirebaseRemoteConfig */,
				CA85466F2B295397001056B0 /* FirebaseRemoteConfigSwift */,
				CA8546712B295397001056B0 /* FirebaseStorage */,
				CA8546732B295397001056B0 /* FirebaseStorageCombine-Community */,
			);
			productName = MigrateMate;
			productReference = CA85462B2B2945CC001056B0 /* MigrateMate.app */;
			productType = "com.apple.product-type.application";
		};
/* End PBXNativeTarget section */

/* Begin PBXProject section */
		CA8546232B2945CC001056B0 /* Project object */ = {
			isa = PBXProject;
			attributes = {
				BuildIndependentTargetsInParallel = 1;
				LastSwiftUpdateCheck = 1500;
				LastUpgradeCheck = 1500;
				TargetAttributes = {
					CA85462A2B2945CC001056B0 = {
						CreatedOnToolsVersion = 15.0.1;
					};
				};
			};
			buildConfigurationList = CA8546262B2945CC001056B0 /* Build configuration list for PBXProject "MigrateMate" */;
			compatibilityVersion = "Xcode 14.0";
			developmentRegion = en;
			hasScannedForEncodings = 0;
			knownRegions = (
				en,
				Base,
			);
			mainGroup = CA8546222B2945CC001056B0;
			packageReferences = (
				CA85463E2B295397001056B0 /* XCRemoteSwiftPackageReference "firebase-ios-sdk" */,
			);
			productRefGroup = CA85462C2B2945CC001056B0 /* Products */;
			projectDirPath = "";
			projectRoot = "";
			targets = (
				CA85462A2B2945CC001056B0 /* MigrateMate */,
			);
		};
/* End PBXProject section */

/* Begin PBXResourcesBuildPhase section */
		CA8546292B2945CC001056B0 /* Resources */ = {
			isa = PBXResourcesBuildPhase;
			buildActionMask = 2147483647;
			files = (
				CA85463D2B29532E001056B0 /* GoogleService-Info.plist in Resources */,
				CA8546362B2945CE001056B0 /* Preview Assets.xcassets in Resources */,
				CA8546332B2945CE001056B0 /* Assets.xcassets in Resources */,
			);
			runOnlyForDeploymentPostprocessing = 0;
		};
/* End PBXResourcesBuildPhase section */

/* Begin PBXSourcesBuildPhase section */
		CA8546272B2945CC001056B0 /* Sources */ = {
			isa = PBXSourcesBuildPhase;
			buildActionMask = 2147483647;
			files = (
				CA85467E2B2955F5001056B0 /* SignUpScreen.swift in Sources */,
				CA85467C2B2955B6001056B0 /* SignInViewModel.swift in Sources */,
				CA8546792B295445001056B0 /* Main.swift in Sources */,
				CA8546312B2945CC001056B0 /* ContentView.swift in Sources */,
				CA85462F2B2945CC001056B0 /* MigrateMateApp.swift in Sources */,
			);
			runOnlyForDeploymentPostprocessing = 0;
		};
/* End PBXSourcesBuildPhase section */

/* Begin XCBuildConfiguration section */
		CA8546372B2945CE001056B0 /* Debug */ = {
			isa = XCBuildConfiguration;
			buildSettings = {
				ALWAYS_SEARCH_USER_PATHS = NO;
				ASSETCATALOG_COMPILER_GENERATE_SWIFT_ASSET_SYMBOL_EXTENSIONS = YES;
				CLANG_ANALYZER_NONNULL = YES;
				CLANG_ANALYZER_NUMBER_OBJECT_CONVERSION = YES_AGGRESSIVE;
				CLANG_CXX_LANGUAGE_STANDARD = "gnu++20";
				CLANG_ENABLE_MODULES = YES;
				CLANG_ENABLE_OBJC_ARC = YES;
				CLANG_ENABLE_OBJC_WEAK = YES;
				CLANG_WARN_BLOCK_CAPTURE_AUTORELEASING = YES;
				CLANG_WARN_BOOL_CONVERSION = YES;
				CLANG_WARN_COMMA = YES;
				CLANG_WARN_CONSTANT_CONVERSION = YES;
				CLANG_WARN_DEPRECATED_OBJC_IMPLEMENTATIONS = YES;
				CLANG_WARN_DIRECT_OBJC_ISA_USAGE = YES_ERROR;
				CLANG_WARN_DOCUMENTATION_COMMENTS = YES;
				CLANG_WARN_EMPTY_BODY = YES;
				CLANG_WARN_ENUM_CONVERSION = YES;
				CLANG_WARN_INFINITE_RECURSION = YES;
				CLANG_WARN_INT_CONVERSION = YES;
				CLANG_WARN_NON_LITERAL_NULL_CONVERSION = YES;
				CLANG_WARN_OBJC_IMPLICIT_RETAIN_SELF = YES;
				CLANG_WARN_OBJC_LITERAL_CONVERSION = YES;
				CLANG_WARN_OBJC_ROOT_CLASS = YES_ERROR;
				CLANG_WARN_QUOTED_INCLUDE_IN_FRAMEWORK_HEADER = YES;
				CLANG_WARN_RANGE_LOOP_ANALYSIS = YES;
				CLANG_WARN_STRICT_PROTOTYPES = YES;
				CLANG_WARN_SUSPICIOUS_MOVE = YES;
				CLANG_WARN_UNGUARDED_AVAILABILITY = YES_AGGRESSIVE;
				CLANG_WARN_UNREACHABLE_CODE = YES;
				CLANG_WARN__DUPLICATE_METHOD_MATCH = YES;
				COPY_PHASE_STRIP = NO;
				DEBUG_INFORMATION_FORMAT = dwarf;
				ENABLE_STRICT_OBJC_MSGSEND = YES;
				ENABLE_TESTABILITY = YES;
				ENABLE_USER_SCRIPT_SANDBOXING = YES;
				GCC_C_LANGUAGE_STANDARD = gnu17;
				GCC_DYNAMIC_NO_PIC = NO;
				GCC_NO_COMMON_BLOCKS = YES;
				GCC_OPTIMIZATION_LEVEL = 0;
				GCC_PREPROCESSOR_DEFINITIONS = (
					"DEBUG=1",
					"$(inherited)",
				);
				GCC_WARN_64_TO_32_BIT_CONVERSION = YES;
				GCC_WARN_ABOUT_RETURN_TYPE = YES_ERROR;
				GCC_WARN_UNDECLARED_SELECTOR = YES;
				GCC_WARN_UNINITIALIZED_AUTOS = YES_AGGRESSIVE;
				GCC_WARN_UNUSED_FUNCTION = YES;
				GCC_WARN_UNUSED_VARIABLE = YES;
				IPHONEOS_DEPLOYMENT_TARGET = 17.0;
				LOCALIZATION_PREFERS_STRING_CATALOGS = YES;
				MTL_ENABLE_DEBUG_INFO = INCLUDE_SOURCE;
				MTL_FAST_MATH = YES;
				ONLY_ACTIVE_ARCH = YES;
				SDKROOT = iphoneos;
				SWIFT_ACTIVE_COMPILATION_CONDITIONS = "DEBUG $(inherited)";
				SWIFT_OPTIMIZATION_LEVEL = "-Onone";
			};
			name = Debug;
		};
		CA8546382B2945CE001056B0 /* Release */ = {
			isa = XCBuildConfiguration;
			buildSettings = {
				ALWAYS_SEARCH_USER_PATHS = NO;
				ASSETCATALOG_COMPILER_GENERATE_SWIFT_ASSET_SYMBOL_EXTENSIONS = YES;
				CLANG_ANALYZER_NONNULL = YES;
				CLANG_ANALYZER_NUMBER_OBJECT_CONVERSION = YES_AGGRESSIVE;
				CLANG_CXX_LANGUAGE_STANDARD = "gnu++20";
				CLANG_ENABLE_MODULES = YES;
				CLANG_ENABLE_OBJC_ARC = YES;
				CLANG_ENABLE_OBJC_WEAK = YES;
				CLANG_WARN_BLOCK_CAPTURE_AUTORELEASING = YES;
				CLANG_WARN_BOOL_CONVERSION = YES;
				CLANG_WARN_COMMA = YES;
				CLANG_WARN_CONSTANT_CONVERSION = YES;
				CLANG_WARN_DEPRECATED_OBJC_IMPLEMENTATIONS = YES;
				CLANG_WARN_DIRECT_OBJC_ISA_USAGE = YES_ERROR;
				CLANG_WARN_DOCUMENTATION_COMMENTS = YES;
				CLANG_WARN_EMPTY_BODY = YES;
				CLANG_WARN_ENUM_CONVERSION = YES;
				CLANG_WARN_INFINITE_RECURSION = YES;
				CLANG_WARN_INT_CONVERSION = YES;
				CLANG_WARN_NON_LITERAL_NULL_CONVERSION = YES;
				CLANG_WARN_OBJC_IMPLICIT_RETAIN_SELF = YES;
				CLANG_WARN_OBJC_LITERAL_CONVERSION = YES;
				CLANG_WARN_OBJC_ROOT_CLASS = YES_ERROR;
				CLANG_WARN_QUOTED_INCLUDE_IN_FRAMEWORK_HEADER = YES;
				CLANG_WARN_RANGE_LOOP_ANALYSIS = YES;
				CLANG_WARN_STRICT_PROTOTYPES = YES;
				CLANG_WARN_SUSPICIOUS_MOVE = YES;
				CLANG_WARN_UNGUARDED_AVAILABILITY = YES_AGGRESSIVE;
				CLANG_WARN_UNREACHABLE_CODE = YES;
				CLANG_WARN__DUPLICATE_METHOD_MATCH = YES;
				COPY_PHASE_STRIP = NO;
				DEBUG_INFORMATION_FORMAT = "dwarf-with-dsym";
				ENABLE_NS_ASSERTIONS = NO;
				ENABLE_STRICT_OBJC_MSGSEND = YES;
				ENABLE_USER_SCRIPT_SANDBOXING = YES;
				GCC_C_LANGUAGE_STANDARD = gnu17;
				GCC_NO_COMMON_BLOCKS = YES;
				GCC_WARN_64_TO_32_BIT_CONVERSION = YES;
				GCC_WARN_ABOUT_RETURN_TYPE = YES_ERROR;
				GCC_WARN_UNDECLARED_SELECTOR = YES;
				GCC_WARN_UNINITIALIZED_AUTOS = YES_AGGRESSIVE;
				GCC_WARN_UNUSED_FUNCTION = YES;
				GCC_WARN_UNUSED_VARIABLE = YES;
				IPHONEOS_DEPLOYMENT_TARGET = 17.0;
				LOCALIZATION_PREFERS_STRING_CATALOGS = YES;
				MTL_ENABLE_DEBUG_INFO = NO;
				MTL_FAST_MATH = YES;
				SDKROOT = iphoneos;
				SWIFT_COMPILATION_MODE = wholemodule;
				VALIDATE_PRODUCT = YES;
			};
			name = Release;
		};
		CA85463A2B2945CE001056B0 /* Debug */ = {
			isa = XCBuildConfiguration;
			buildSettings = {
				ASSETCATALOG_COMPILER_APPICON_NAME = AppIcon;
				ASSETCATALOG_COMPILER_GLOBAL_ACCENT_COLOR_NAME = AccentColor;
				CODE_SIGN_ENTITLEMENTS = MigrateMate/MigrateMate.entitlements;
				CODE_SIGN_STYLE = Automatic;
				CURRENT_PROJECT_VERSION = 1;
				DEVELOPMENT_ASSET_PATHS = "\"MigrateMate/Preview Content\"";
				DEVELOPMENT_TEAM = DB62R67D27;
				ENABLE_PREVIEWS = YES;
				GENERATE_INFOPLIST_FILE = YES;
				INFOPLIST_KEY_UIApplicationSceneManifest_Generation = YES;
				INFOPLIST_KEY_UIApplicationSupportsIndirectInputEvents = YES;
				INFOPLIST_KEY_UILaunchScreen_Generation = YES;
				INFOPLIST_KEY_UISupportedInterfaceOrientations_iPad = "UIInterfaceOrientationPortrait UIInterfaceOrientationPortraitUpsideDown UIInterfaceOrientationLandscapeLeft UIInterfaceOrientationLandscapeRight";
				INFOPLIST_KEY_UISupportedInterfaceOrientations_iPhone = "UIInterfaceOrientationPortrait UIInterfaceOrientationLandscapeLeft UIInterfaceOrientationLandscapeRight";
				LD_RUNPATH_SEARCH_PATHS = (
					"$(inherited)",
					"@executable_path/Frameworks",
				);
				MARKETING_VERSION = 1.0;
				PRODUCT_BUNDLE_IDENTIFIER = com.basgallop.MigrateMate.MigrateMate;
				PRODUCT_NAME = "$(TARGET_NAME)";
				SWIFT_EMIT_LOC_STRINGS = YES;
				SWIFT_VERSION = 5.0;
				TARGETED_DEVICE_FAMILY = "1,2";
			};
			name = Debug;
		};
		CA85463B2B2945CE001056B0 /* Release */ = {
			isa = XCBuildConfiguration;
			buildSettings = {
				ASSETCATALOG_COMPILER_APPICON_NAME = AppIcon;
				ASSETCATALOG_COMPILER_GLOBAL_ACCENT_COLOR_NAME = AccentColor;
				CODE_SIGN_ENTITLEMENTS = MigrateMate/MigrateMate.entitlements;
				CODE_SIGN_STYLE = Automatic;
				CURRENT_PROJECT_VERSION = 1;
				DEVELOPMENT_ASSET_PATHS = "\"MigrateMate/Preview Content\"";
				DEVELOPMENT_TEAM = DB62R67D27;
				ENABLE_PREVIEWS = YES;
				GENERATE_INFOPLIST_FILE = YES;
				INFOPLIST_KEY_UIApplicationSceneManifest_Generation = YES;
				INFOPLIST_KEY_UIApplicationSupportsIndirectInputEvents = YES;
				INFOPLIST_KEY_UILaunchScreen_Generation = YES;
				INFOPLIST_KEY_UISupportedInterfaceOrientations_iPad = "UIInterfaceOrientationPortrait UIInterfaceOrientationPortraitUpsideDown UIInterfaceOrientationLandscapeLeft UIInterfaceOrientationLandscapeRight";
				INFOPLIST_KEY_UISupportedInterfaceOrientations_iPhone = "UIInterfaceOrientationPortrait UIInterfaceOrientationLandscapeLeft UIInterfaceOrientationLandscapeRight";
				LD_RUNPATH_SEARCH_PATHS = (
					"$(inherited)",
					"@executable_path/Frameworks",
				);
				MARKETING_VERSION = 1.0;
				PRODUCT_BUNDLE_IDENTIFIER = com.basgallop.MigrateMate.MigrateMate;
				PRODUCT_NAME = "$(TARGET_NAME)";
				SWIFT_EMIT_LOC_STRINGS = YES;
				SWIFT_VERSION = 5.0;
				TARGETED_DEVICE_FAMILY = "1,2";
			};
			name = Release;
		};
/* End XCBuildConfiguration section */

/* Begin XCConfigurationList section */
		CA8546262B2945CC001056B0 /* Build configuration list for PBXProject "MigrateMate" */ = {
			isa = XCConfigurationList;
			buildConfigurations = (
				CA8546372B2945CE001056B0 /* Debug */,
				CA8546382B2945CE001056B0 /* Release */,
			);
			defaultConfigurationIsVisible = 0;
			defaultConfigurationName = Release;
		};
		CA8546392B2945CE001056B0 /* Build configuration list for PBXNativeTarget "MigrateMate" */ = {
			isa = XCConfigurationList;
			buildConfigurations = (
				CA85463A2B2945CE001056B0 /* Debug */,
				CA85463B2B2945CE001056B0 /* Release */,
			);
			defaultConfigurationIsVisible = 0;
			defaultConfigurationName = Release;
		};
/* End XCConfigurationList section */

/* Begin XCRemoteSwiftPackageReference section */
		CA85463E2B295397001056B0 /* XCRemoteSwiftPackageReference "firebase-ios-sdk" */ = {
			isa = XCRemoteSwiftPackageReference;
			repositoryURL = "https://github.com/firebase/firebase-ios-sdk.git";
			requirement = {
				kind = upToNextMajorVersion;
				minimumVersion = 10.19.0;
			};
		};
/* End XCRemoteSwiftPackageReference section */

/* Begin XCSwiftPackageProductDependency section */
		CA85463F2B295397001056B0 /* FirebaseAnalytics */ = {
			isa = XCSwiftPackageProductDependency;
			package = CA85463E2B295397001056B0 /* XCRemoteSwiftPackageReference "firebase-ios-sdk" */;
			productName = FirebaseAnalytics;
		};
		CA8546412B295397001056B0 /* FirebaseAnalyticsOnDeviceConversion */ = {
			isa = XCSwiftPackageProductDependency;
			package = CA85463E2B295397001056B0 /* XCRemoteSwiftPackageReference "firebase-ios-sdk" */;
			productName = FirebaseAnalyticsOnDeviceConversion;
		};
		CA8546432B295397001056B0 /* FirebaseAnalyticsSwift */ = {
			isa = XCSwiftPackageProductDependency;
			package = CA85463E2B295397001056B0 /* XCRemoteSwiftPackageReference "firebase-ios-sdk" */;
			productName = FirebaseAnalyticsSwift;
		};
		CA8546452B295397001056B0 /* FirebaseAnalyticsWithoutAdIdSupport */ = {
			isa = XCSwiftPackageProductDependency;
			package = CA85463E2B295397001056B0 /* XCRemoteSwiftPackageReference "firebase-ios-sdk" */;
			productName = FirebaseAnalyticsWithoutAdIdSupport;
		};
		CA8546472B295397001056B0 /* FirebaseAppCheck */ = {
			isa = XCSwiftPackageProductDependency;
			package = CA85463E2B295397001056B0 /* XCRemoteSwiftPackageReference "firebase-ios-sdk" */;
			productName = FirebaseAppCheck;
		};
		CA8546492B295397001056B0 /* FirebaseAppDistribution-Beta */ = {
			isa = XCSwiftPackageProductDependency;
			package = CA85463E2B295397001056B0 /* XCRemoteSwiftPackageReference "firebase-ios-sdk" */;
			productName = "FirebaseAppDistribution-Beta";
		};
		CA85464B2B295397001056B0 /* FirebaseAuth */ = {
			isa = XCSwiftPackageProductDependency;
			package = CA85463E2B295397001056B0 /* XCRemoteSwiftPackageReference "firebase-ios-sdk" */;
			productName = FirebaseAuth;
		};
		CA85464D2B295397001056B0 /* FirebaseAuthCombine-Community */ = {
			isa = XCSwiftPackageProductDependency;
			package = CA85463E2B295397001056B0 /* XCRemoteSwiftPackageReference "firebase-ios-sdk" */;
			productName = "FirebaseAuthCombine-Community";
		};
		CA85464F2B295397001056B0 /* FirebaseCrashlytics */ = {
			isa = XCSwiftPackageProductDependency;
			package = CA85463E2B295397001056B0 /* XCRemoteSwiftPackageReference "firebase-ios-sdk" */;
			productName = FirebaseCrashlytics;
		};
		CA8546512B295397001056B0 /* FirebaseDatabase */ = {
			isa = XCSwiftPackageProductDependency;
			package = CA85463E2B295397001056B0 /* XCRemoteSwiftPackageReference "firebase-ios-sdk" */;
			productName = FirebaseDatabase;
		};
		CA8546532B295397001056B0 /* FirebaseDatabaseSwift */ = {
			isa = XCSwiftPackageProductDependency;
			package = CA85463E2B295397001056B0 /* XCRemoteSwiftPackageReference "firebase-ios-sdk" */;
			productName = FirebaseDatabaseSwift;
		};
		CA8546552B295397001056B0 /* FirebaseDynamicLinks */ = {
			isa = XCSwiftPackageProductDependency;
			package = CA85463E2B295397001056B0 /* XCRemoteSwiftPackageReference "firebase-ios-sdk" */;
			productName = FirebaseDynamicLinks;
		};
		CA8546572B295397001056B0 /* FirebaseFirestore */ = {
			isa = XCSwiftPackageProductDependency;
			package = CA85463E2B295397001056B0 /* XCRemoteSwiftPackageReference "firebase-ios-sdk" */;
			productName = FirebaseFirestore;
		};
		CA8546592B295397001056B0 /* FirebaseFirestoreCombine-Community */ = {
			isa = XCSwiftPackageProductDependency;
			package = CA85463E2B295397001056B0 /* XCRemoteSwiftPackageReference "firebase-ios-sdk" */;
			productName = "FirebaseFirestoreCombine-Community";
		};
		CA85465B2B295397001056B0 /* FirebaseFirestoreSwift */ = {
			isa = XCSwiftPackageProductDependency;
			package = CA85463E2B295397001056B0 /* XCRemoteSwiftPackageReference "firebase-ios-sdk" */;
			productName = FirebaseFirestoreSwift;
		};
		CA85465D2B295397001056B0 /* FirebaseFunctions */ = {
			isa = XCSwiftPackageProductDependency;
			package = CA85463E2B295397001056B0 /* XCRemoteSwiftPackageReference "firebase-ios-sdk" */;
			productName = FirebaseFunctions;
		};
		CA85465F2B295397001056B0 /* FirebaseFunctionsCombine-Community */ = {
			isa = XCSwiftPackageProductDependency;
			package = CA85463E2B295397001056B0 /* XCRemoteSwiftPackageReference "firebase-ios-sdk" */;
			productName = "FirebaseFunctionsCombine-Community";
		};
		CA8546612B295397001056B0 /* FirebaseInAppMessaging-Beta */ = {
			isa = XCSwiftPackageProductDependency;
			package = CA85463E2B295397001056B0 /* XCRemoteSwiftPackageReference "firebase-ios-sdk" */;
			productName = "FirebaseInAppMessaging-Beta";
		};
		CA8546632B295397001056B0 /* FirebaseInAppMessagingSwift-Beta */ = {
			isa = XCSwiftPackageProductDependency;
			package = CA85463E2B295397001056B0 /* XCRemoteSwiftPackageReference "firebase-ios-sdk" */;
			productName = "FirebaseInAppMessagingSwift-Beta";
		};
		CA8546652B295397001056B0 /* FirebaseInstallations */ = {
			isa = XCSwiftPackageProductDependency;
			package = CA85463E2B295397001056B0 /* XCRemoteSwiftPackageReference "firebase-ios-sdk" */;
			productName = FirebaseInstallations;
		};
		CA8546672B295397001056B0 /* FirebaseMLModelDownloader */ = {
			isa = XCSwiftPackageProductDependency;
			package = CA85463E2B295397001056B0 /* XCRemoteSwiftPackageReference "firebase-ios-sdk" */;
			productName = FirebaseMLModelDownloader;
		};
		CA8546692B295397001056B0 /* FirebaseMessaging */ = {
			isa = XCSwiftPackageProductDependency;
			package = CA85463E2B295397001056B0 /* XCRemoteSwiftPackageReference "firebase-ios-sdk" */;
			productName = FirebaseMessaging;
		};
		CA85466B2B295397001056B0 /* FirebasePerformance */ = {
			isa = XCSwiftPackageProductDependency;
			package = CA85463E2B295397001056B0 /* XCRemoteSwiftPackageReference "firebase-ios-sdk" */;
			productName = FirebasePerformance;
		};
		CA85466D2B295397001056B0 /* FirebaseRemoteConfig */ = {
			isa = XCSwiftPackageProductDependency;
			package = CA85463E2B295397001056B0 /* XCRemoteSwiftPackageReference "firebase-ios-sdk" */;
			productName = FirebaseRemoteConfig;
		};
		CA85466F2B295397001056B0 /* FirebaseRemoteConfigSwift */ = {
			isa = XCSwiftPackageProductDependency;
			package = CA85463E2B295397001056B0 /* XCRemoteSwiftPackageReference "firebase-ios-sdk" */;
			productName = FirebaseRemoteConfigSwift;
		};
		CA8546712B295397001056B0 /* FirebaseStorage */ = {
			isa = XCSwiftPackageProductDependency;
			package = CA85463E2B295397001056B0 /* XCRemoteSwiftPackageReference "firebase-ios-sdk" */;
			productName = FirebaseStorage;
		};
		CA8546732B295397001056B0 /* FirebaseStorageCombine-Community */ = {
			isa = XCSwiftPackageProductDependency;
			package = CA85463E2B295397001056B0 /* XCRemoteSwiftPackageReference "firebase-ios-sdk" */;
			productName = "FirebaseStorageCombine-Community";
		};
/* End XCSwiftPackageProductDependency section */
	};
	rootObject = CA8546232B2945CC001056B0 /* Project object */;
}
